<?xml version="1.0" encoding="utf-8"?>
<Project ToolsVersion="4.0" xmlns="http://schemas.microsoft.com/developer/msbuild/2003">
  <ItemGroup>
    <ClCompile Include="..\App.cpp">
      <Filter>Source Files</Filter>
    </ClCompile>
    <ClCompile Include="..\ArrowTower.cpp">
      <Filter>Source Files</Filter>
    </ClCompile>
    <ClCompile Include="..\CreateButton.cpp">
      <Filter>Source Files</Filter>
    </ClCompile>
    <ClCompile Include="..\app_main.cpp">
      <Filter>Source Files</Filter>
    </ClCompile>
    <ClCompile Include="..\GlutApp.cpp">
      <Filter>Source Files</Filter>
    </ClCompile>
    <ClCompile Include="..\RgbImage.cpp">
      <Filter>Source Files</Filter>
    </ClCompile>
    <ClCompile Include="..\Store.cpp">
      <Filter>Source Files</Filter>
    </ClCompile>
    <ClCompile Include="..\Tower.cpp">
      <Filter>Source Files</Filter>
    </ClCompile>
    <ClCompile Include="..\Enemy.cpp">
      <Filter>Source Files</Filter>
    </ClCompile>
    <ClCompile Include="..\Vector2.cpp">
      <Filter>Source Files</Filter>
    </ClCompile>
    <ClCompile Include="..\Level.cpp">
      <Filter>Source Files</Filter>
    </ClCompile>
    <ClCompile Include="..\Sprite.cpp">
      <Filter>Source Files</Filter>
    </ClCompile>
  </ItemGroup>
  <ItemGroup>
    <ClInclude Include="..\App.h">
      <Filter>Header Files</Filter>
    </ClInclude>
    <ClInclude Include="..\ArrowTower.h">
      <Filter>Header Files</Filter>
    </ClInclude>
    <ClInclude Include="..\CreateButton.h">
      <Filter>Header Files</Filter>
    </ClInclude>
    <ClInclude Include="..\GlutApp.h">
      <Filter>Header Files</Filter>
    </ClInclude>
    <ClInclude Include="..\RgbImage.h">
      <Filter>Header Files</Filter>
    </ClInclude>
    <ClInclude Include="..\Store.h">
      <Filter>Header Files</Filter>
    </ClInclude>
    <ClInclude Include="..\TexRect.hpp">
      <Filter>Header Files</Filter>
    </ClInclude>
    <ClInclude Include="..\Tower.h">
      <Filter>Header Files</Filter>
    </ClInclude>
    <ClInclude Include="..\Enemy.h">
      <Filter>Header Files</Filter>
    </ClInclude>
    <ClInclude Include="..\Vector2.h">
      <Filter>Header Files</Filter>
    </ClInclude>
    <ClInclude Include="..\Level.h">
      <Filter>Header Files</Filter>
    </ClInclude>
    <ClInclude Include="..\Sprite.h">
      <Filter>Header Files</Filter>
    </ClInclude>
  </ItemGroup>
  <ItemGroup>
    <Filter Include="Header Files">
      <UniqueIdentifier>{71075ce1-312d-42dd-ada4-b2e3db11c111}</UniqueIdentifier>
    </Filter>
    <Filter Include="Source Files">
      <UniqueIdentifier>{daa32ca0-ffaf-4895-a57d-a00f1882aee1}</UniqueIdentifier>
    </Filter>
  </ItemGroup>
</Project>